
Microsoft Visual Studio Solution File, Format Version 12.00
# Visual Studio Version 17
VisualStudioVersion = 17.7.34221.43
MinimumVisualStudioVersion = 10.0.40219.1
Project("{FAE04EC0-301F-11D3-BF4B-00C04F79EFBC}") = "ManipulateLevels", "ManipulateLevels.csproj", "{539ECC70-E39C-484D-9E95-D427AC683288}"
EndProject
Global
	GlobalSection(SolutionConfigurationPlatforms) = preSolution
		Debug|Any CPU = Debug|Any CPU
		Release|Any CPU = Release|Any CPU
	EndGlobalSection
	GlobalSection(ProjectConfigurationPlatforms) = postSolution
		{539ECC70-E39C-484D-9E95-D427AC683288}.Debug|Any CPU.ActiveCfg = Debug|Any CPU
		{539ECC70-E39C-484D-9E95-D427AC683288}.Debug|Any CPU.Build.0 = Debug|Any CPU
		{539ECC70-E39C-484D-9E95-D427AC683288}.Release|Any CPU.ActiveCfg = Release|Any CPU
		{539ECC70-E39C-484D-9E95-D427AC683288}.Release|Any CPU.Build.0 = Release|Any CPU
	EndGlobalSection
	GlobalSection(SolutionProperties) = preSolution
		HideSolutionNode = FALSE
	EndGlobalSection
	GlobalSection(ExtensibilityGlobals) = postSolution
		SolutionGuid = {50F52B74-B48C-49ED-93D7-24B044FF0A3A}
	EndGlobalSection
EndGlobal
